PODS:
  - Bolts (1.8.4):
    - Bolts/AppLinks (= 1.8.4)
    - Bolts/Tasks (= 1.8.4)
  - Bolts/AppLinks (1.8.4):
    - Bolts/Tasks
  - Bolts/Tasks (1.8.4)
  - ECSlidingViewController (2.0.3)
  - FBSDKCoreKit (4.14.0):
    - Bolts (~> 1.7)
  - FBSDKLoginKit (4.14.0):
    - FBSDKCoreKit
  - FormatterKit (1.8.1):
    - FormatterKit/AddressFormatter (= 1.8.1)
    - FormatterKit/ArrayFormatter (= 1.8.1)
    - FormatterKit/ColorFormatter (= 1.8.1)
    - FormatterKit/LocationFormatter (= 1.8.1)
    - FormatterKit/NameFormatter (= 1.8.1)
    - FormatterKit/OrdinalNumberFormatter (= 1.8.1)
    - FormatterKit/Resources (= 1.8.1)
    - FormatterKit/TimeIntervalFormatter (= 1.8.1)
    - FormatterKit/UnitOfInformationFormatter (= 1.8.1)
    - FormatterKit/URLRequestFormatter (= 1.8.1)
  - FormatterKit/AddressFormatter (1.8.1):
    - FormatterKit/Resources
  - FormatterKit/ArrayFormatter (1.8.1):
    - FormatterKit/Resources
  - FormatterKit/ColorFormatter (1.8.1):
    - FormatterKit/Resources
  - FormatterKit/LocationFormatter (1.8.1):
    - FormatterKit/Resources
  - FormatterKit/NameFormatter (1.8.1):
    - FormatterKit/Resources
  - FormatterKit/OrdinalNumberFormatter (1.8.1):
    - FormatterKit/Resources
  - FormatterKit/Resources (1.8.1)
  - FormatterKit/TimeIntervalFormatter (1.8.1):
    - FormatterKit/Resources
  - FormatterKit/UnitOfInformationFormatter (1.8.1):
    - FormatterKit/Resources
  - FormatterKit/URLRequestFormatter (1.8.1):
    - FormatterKit/Resources
  - FXBlurView (1.6.4)
  - IQKeyboardManager (4.0.4)
  - JSQMessagesViewController (7.3.4):
    - JSQSystemSoundPlayer (~> 2.0.1)
  - JSQSystemSoundPlayer (2.0.1)
  - JTCalendar (2.1.7)
  - Parse (1.14.2):
    - Bolts/Tasks (~> 1.8)
  - ParseCrashReporting (1.9.2):
    - Bolts/Tasks (~> 1.5)
    - Parse (~> 1.9)
  - ParseFacebookUtilsV4 (1.11.1):
    - Bolts/Tasks (>= 1.6)
    - FBSDKCoreKit (~> 4.10)
    - FBSDKLoginKit (~> 4.10)
    - FBSDKTVOSKit (~> 4.10)
    - Parse (~> 1.12)
  - ParseUI (1.2.0):
    - Bolts/Tasks (~> 1.3)
    - Parse (~> 1.9)
  - Reachability (3.2)
  - TWPhotoPicker (1.0.0)
  - UIImageEffects (0.0.1)
  - UIScrollSlidingPages (1.4)

DEPENDENCIES:
  - ECSlidingViewController
  - FormatterKit
  - FXBlurView
  - IQKeyboardManager
  - JSQMessagesViewController
  - JTCalendar
  - Parse (~> 1.14)
  - ParseCrashReporting
  - ParseFacebookUtilsV4
  - ParseUI
  - Reachability
  - TWPhotoPicker
  - UIImageEffects
  - UIScrollSlidingPages

SPEC CHECKSUMS:
  Bolts: 8a7995239dbe724f9cba2248b766d48b7ebdd322
  ECSlidingViewController: 6485c14f23b4487e9946535421ca8f111f86cc53
  FBSDKCoreKit: 6e020b5db0b5bd1e01f5fb0902131befd129a502
  FBSDKLoginKit: da563567a108050ef83739c8c8c001ee9e25fa13
  FormatterKit: 11ad17b983200629246a5a466f6f1bfa2df823cb
  FXBlurView: db786c2561cb49a09ae98407f52460096ab8a44f
  IQKeyboardManager: 4a6f83b540283c2645aaeba2bd8dc0f09b5c77f8
  JSQMessagesViewController: 39fed975e3c9f8eba7292071e29eeb541d105e66
  JSQSystemSoundPlayer: c5850e77a4363ffd374cd851154b9af93264ed8d
  JTCalendar: bc7f3086a4df02aa2e02ac4d505ef888cc2283a0
  Parse: 4335d65f40cb3d43190d723144bbe1afb9c38230
  ParseCrashReporting: 33b760facc649d4fd99eef8f35dcda6a406099e5
  ParseFacebookUtilsV4: 2f30c2b7021c8005d3042781da7ef87d06589421
  ParseUI: af2eba584799da4a9fbdac0e178662d7438b502e
  Reachability: 33e18b67625424e47b6cde6d202dce689ad7af96
  TWPhotoPicker: 5e9bcd6097e8602e8243d1bdd54a5cf1afbedcf2
  UIImageEffects: 37b99fa461e4965f332ca82e92f2c22a1075ee84
  UIScrollSlidingPages: 92a3ed2c444b31f7f1b259f7b91720b53295346a

PODFILE CHECKSUM: 27b781be4d16277432fba51deb388175804f4d51

COCOAPODS: 1.1.1
